
Microsoft Visual Studio Solution File, Format Version 12.00
# Visual Studio Version 17
VisualStudioVersion = 17.8.34330.188
MinimumVisualStudioVersion = 10.0.40219.1
Project("{FAE04EC0-301F-11D3-BF4B-00C04F79EFBC}") = "Lab4_Var7", "Lab4_Var7.csproj", "{424BCF74-0546-426E-AFFA-E7C5B2FD40B8}"
EndProject
Project("{FAE04EC0-301F-11D3-BF4B-00C04F79EFBC}") = "Tests", "..\Tests\Tests.csproj", "{ADE29066-EE6D-4970-8CAB-718EC88021C1}"
EndProject
Project("{FAE04EC0-301F-11D3-BF4B-00C04F79EFBC}") = "WebServices", "..\WebServices\WebServices.csproj", "{A3B3ADAB-D3E2-4F5F-97C3-B0ABB4E2379A}"
EndProject
Global
	GlobalSection(SolutionConfigurationPlatforms) = preSolution
		Debug|Any CPU = Debug|Any CPU
		Release|Any CPU = Release|Any CPU
	EndGlobalSection
	GlobalSection(ProjectConfigurationPlatforms) = postSolution
		{424BCF74-0546-426E-AFFA-E7C5B2FD40B8}.Debug|Any CPU.ActiveCfg = Debug|Any CPU
		{424BCF74-0546-426E-AFFA-E7C5B2FD40B8}.Debug|Any CPU.Build.0 = Debug|Any CPU
		{424BCF74-0546-426E-AFFA-E7C5B2FD40B8}.Release|Any CPU.ActiveCfg = Release|Any CPU
		{424BCF74-0546-426E-AFFA-E7C5B2FD40B8}.Release|Any CPU.Build.0 = Release|Any CPU
		{ADE29066-EE6D-4970-8CAB-718EC88021C1}.Debug|Any CPU.ActiveCfg = Debug|Any CPU
		{ADE29066-EE6D-4970-8CAB-718EC88021C1}.Debug|Any CPU.Build.0 = Debug|Any CPU
		{ADE29066-EE6D-4970-8CAB-718EC88021C1}.Release|Any CPU.ActiveCfg = Release|Any CPU
		{ADE29066-EE6D-4970-8CAB-718EC88021C1}.Release|Any CPU.Build.0 = Release|Any CPU
		{A3B3ADAB-D3E2-4F5F-97C3-B0ABB4E2379A}.Debug|Any CPU.ActiveCfg = Debug|Any CPU
		{A3B3ADAB-D3E2-4F5F-97C3-B0ABB4E2379A}.Debug|Any CPU.Build.0 = Debug|Any CPU
		{A3B3ADAB-D3E2-4F5F-97C3-B0ABB4E2379A}.Release|Any CPU.ActiveCfg = Release|Any CPU
		{A3B3ADAB-D3E2-4F5F-97C3-B0ABB4E2379A}.Release|Any CPU.Build.0 = Release|Any CPU
	EndGlobalSection
	GlobalSection(SolutionProperties) = preSolution
		HideSolutionNode = FALSE
	EndGlobalSection
	GlobalSection(ExtensibilityGlobals) = postSolution
		SolutionGuid = {58A36C86-F1FA-426B-BFFC-DB1ACB1F0A0F}
	EndGlobalSection
EndGlobal
